
Microsoft Visual Studio Solution File, Format Version 12.00
# Visual Studio Version 17
VisualStudioVersion = 17.10.35027.167
MinimumVisualStudioVersion = 10.0.40219.1
Project("{9A19103F-16F7-4668-BE54-9A1E7A4F7556}") = "VideoConvertor", "VideoConvertor\VideoConvertor.csproj", "{9B9D809A-1C06-409B-8E61-DC600F56172F}"
EndProject
Project("{9A19103F-16F7-4668-BE54-9A1E7A4F7556}") = "MediaProcessorTests", "MediaProcessorTests\MediaProcessorTests.csproj", "{8B0C2ADD-70E1-4B0F-BD55-223045BF4C62}"
EndProject
Project("{FAE04EC0-301F-11D3-BF4B-00C04F79EFBC}") = "MediaProcessorTests_MS", "MediaProcessorTests_MS\MediaProcessorTests_MS.csproj", "{ED233C06-8A18-4BC3-A01E-A1C65350C3A1}"
EndProject
Global
	GlobalSection(SolutionConfigurationPlatforms) = preSolution
		Debug|Any CPU = Debug|Any CPU
		Release|Any CPU = Release|Any CPU
	EndGlobalSection
	GlobalSection(ProjectConfigurationPlatforms) = postSolution
		{9B9D809A-1C06-409B-8E61-DC600F56172F}.Debug|Any CPU.ActiveCfg = Debug|Any CPU
		{9B9D809A-1C06-409B-8E61-DC600F56172F}.Debug|Any CPU.Build.0 = Debug|Any CPU
		{9B9D809A-1C06-409B-8E61-DC600F56172F}.Release|Any CPU.ActiveCfg = Release|Any CPU
		{9B9D809A-1C06-409B-8E61-DC600F56172F}.Release|Any CPU.Build.0 = Release|Any CPU
		{8B0C2ADD-70E1-4B0F-BD55-223045BF4C62}.Debug|Any CPU.ActiveCfg = Debug|Any CPU
		{8B0C2ADD-70E1-4B0F-BD55-223045BF4C62}.Debug|Any CPU.Build.0 = Debug|Any CPU
		{8B0C2ADD-70E1-4B0F-BD55-223045BF4C62}.Release|Any CPU.ActiveCfg = Release|Any CPU
		{8B0C2ADD-70E1-4B0F-BD55-223045BF4C62}.Release|Any CPU.Build.0 = Release|Any CPU
		{ED233C06-8A18-4BC3-A01E-A1C65350C3A1}.Debug|Any CPU.ActiveCfg = Debug|Any CPU
		{ED233C06-8A18-4BC3-A01E-A1C65350C3A1}.Debug|Any CPU.Build.0 = Debug|Any CPU
		{ED233C06-8A18-4BC3-A01E-A1C65350C3A1}.Release|Any CPU.ActiveCfg = Release|Any CPU
		{ED233C06-8A18-4BC3-A01E-A1C65350C3A1}.Release|Any CPU.Build.0 = Release|Any CPU
	EndGlobalSection
	GlobalSection(SolutionProperties) = preSolution
		HideSolutionNode = FALSE
	EndGlobalSection
	GlobalSection(ExtensibilityGlobals) = postSolution
		SolutionGuid = {02AD74F6-D3B7-46BD-92F8-5AE2A0197B6E}
	EndGlobalSection
EndGlobal
